
Microsoft Visual Studio Solution File, Format Version 12.00
# Visual Studio Version 16
VisualStudioVersion = 16.0.32929.386
MinimumVisualStudioVersion = 10.0.40219.1
Project("{FAE04EC0-301F-11D3-BF4B-00C04F79EFBC}") = "dick", "dick.csproj", "{5CBD9072-8A95-48C3-BB54-3761F252FAE0}"
EndProject
Global
	GlobalSection(SolutionConfigurationPlatforms) = preSolution
		Debug|Any CPU = Debug|Any CPU
		Release|Any CPU = Release|Any CPU
	EndGlobalSection
	GlobalSection(ProjectConfigurationPlatforms) = postSolution
		{5CBD9072-8A95-48C3-BB54-3761F252FAE0}.Debug|Any CPU.ActiveCfg = Debug|Any CPU
		{5CBD9072-8A95-48C3-BB54-3761F252FAE0}.Debug|Any CPU.Build.0 = Debug|Any CPU
		{5CBD9072-8A95-48C3-BB54-3761F252FAE0}.Release|Any CPU.ActiveCfg = Release|Any CPU
		{5CBD9072-8A95-48C3-BB54-3761F252FAE0}.Release|Any CPU.Build.0 = Release|Any CPU
	EndGlobalSection
	GlobalSection(SolutionProperties) = preSolution
		HideSolutionNode = FALSE
	EndGlobalSection
	GlobalSection(ExtensibilityGlobals) = postSolution
		SolutionGuid = {15CF0068-EE09-477D-8089-315E0F6B46DA}
	EndGlobalSection
EndGlobal
